<?xml version="1.0" encoding="UTF-8" standalone="yes" ?>
<CodeBlocks_project_file>
	<FileVersion major="1" minor="6" />
	<Project>
		<Option title="StructuresCpp" />
		<Option pch_mode="2" />
		<Option compiler="gcc" />
		<Build>
			<Target title="Debug">
				<Option output="bin/Debug/StructuresCpp" prefix_auto="1" extension_auto="1" />
				<Option object_output="obj/Debug/" />
				<Option type="1" />
				<Option compiler="gcc" />
				<Compiler>
					<Add option="-g" />
				</Compiler>
			</Target>
			<Target title="Release">
				<Option output="bin/Release/StructuresCpp" prefix_auto="1" extension_auto="1" />
				<Option object_output="obj/Release/" />
				<Option type="1" />
				<Option compiler="gcc" />
				<Compiler>
					<Add option="-O2" />
				</Compiler>
				<Linker>
					<Add option="-s" />
				</Linker>
			</Target>
		</Build>
		<Compiler>
			<Add option="-Wall" />
			<Add option="-fexceptions" />
		</Compiler>
		<Unit filename="common/common.cpp" />
		<Unit filename="common/common.hpp" />
		<Unit filename="hash_table/hash_table.cpp" />
		<Unit filename="hash_table/hash_table.hpp" />
		<Unit filename="hash_table/test/test.cpp" />
		<Unit filename="hash_table/test/test.hpp" />
		<Unit filename="main.cpp" />
		<Unit filename="sortings/sortings.cpp" />
		<Unit filename="sortings/sortings.hpp" />
		<Unit filename="sortings/test/test.cpp" />
		<Unit filename="sortings/test/test.hpp" />
		<Unit filename="stack/stack.cpp" />
		<Unit filename="stack/stack.hpp" />
		<Unit filename="stack/test/test.cpp" />
		<Unit filename="stack/test/test.hpp" />
		<Unit filename="tree/test/test.cpp" />
		<Unit filename="tree/test/test.hpp" />
		<Unit filename="tree/tree.cpp" />
		<Unit filename="tree/tree.hpp" />
		<Extensions>
			<lib_finder disable_auto="1" />
		</Extensions>
	</Project>
</CodeBlocks_project_file>
